
Microsoft Visual Studio Solution File, Format Version 12.00
# Visual Studio Version 16
VisualStudioVersion = 16.6.30114.105
MinimumVisualStudioVersion = 10.0.40219.1
Project("{FAE04EC0-301F-11D3-BF4B-00C04F79EFBC}") = "R5T.I0091-1001", "R5T.I0091-1001\R5T.I0091-1001.csproj", "{1B45D9AF-D8E4-44BE-ADF2-C73AB70E0034}"
EndProject
Project("{2150E333-8FDC-42A3-9474-1A3956D46DE8}") = "_Dependencies", "_Dependencies", "{D2E0D8D2-C2EA-4BB8-9A5B-63FECDB5E700}"
EndProject
Project("{FAE04EC0-301F-11D3-BF4B-00C04F79EFBC}") = "R5T.Magyar", "..\..\R5T.Magyar\source\R5T.Magyar\R5T.Magyar.csproj", "{F1B8148A-2F9B-4F6A-A026-1E0AE995477B}"
EndProject
Global
	GlobalSection(SolutionConfigurationPlatforms) = preSolution
		Debug|Any CPU = Debug|Any CPU
		Debug|x64 = Debug|x64
		Debug|x86 = Debug|x86
		Release|Any CPU = Release|Any CPU
		Release|x64 = Release|x64
		Release|x86 = Release|x86
	EndGlobalSection
	GlobalSection(SolutionProperties) = preSolution
		HideSolutionNode = FALSE
	EndGlobalSection
	GlobalSection(ProjectConfigurationPlatforms) = postSolution
		{1B45D9AF-D8E4-44BE-ADF2-C73AB70E0034}.Debug|Any CPU.ActiveCfg = Debug|Any CPU
		{1B45D9AF-D8E4-44BE-ADF2-C73AB70E0034}.Debug|Any CPU.Build.0 = Debug|Any CPU
		{1B45D9AF-D8E4-44BE-ADF2-C73AB70E0034}.Debug|x64.ActiveCfg = Debug|Any CPU
		{1B45D9AF-D8E4-44BE-ADF2-C73AB70E0034}.Debug|x64.Build.0 = Debug|Any CPU
		{1B45D9AF-D8E4-44BE-ADF2-C73AB70E0034}.Debug|x86.ActiveCfg = Debug|Any CPU
		{1B45D9AF-D8E4-44BE-ADF2-C73AB70E0034}.Debug|x86.Build.0 = Debug|Any CPU
		{1B45D9AF-D8E4-44BE-ADF2-C73AB70E0034}.Release|Any CPU.ActiveCfg = Release|Any CPU
		{1B45D9AF-D8E4-44BE-ADF2-C73AB70E0034}.Release|Any CPU.Build.0 = Release|Any CPU
		{1B45D9AF-D8E4-44BE-ADF2-C73AB70E0034}.Release|x64.ActiveCfg = Release|Any CPU
		{1B45D9AF-D8E4-44BE-ADF2-C73AB70E0034}.Release|x64.Build.0 = Release|Any CPU
		{1B45D9AF-D8E4-44BE-ADF2-C73AB70E0034}.Release|x86.ActiveCfg = Release|Any CPU
		{1B45D9AF-D8E4-44BE-ADF2-C73AB70E0034}.Release|x86.Build.0 = Release|Any CPU
		{F1B8148A-2F9B-4F6A-A026-1E0AE995477B}.Debug|Any CPU.ActiveCfg = Debug|Any CPU
		{F1B8148A-2F9B-4F6A-A026-1E0AE995477B}.Debug|Any CPU.Build.0 = Debug|Any CPU
		{F1B8148A-2F9B-4F6A-A026-1E0AE995477B}.Debug|x64.ActiveCfg = Debug|Any CPU
		{F1B8148A-2F9B-4F6A-A026-1E0AE995477B}.Debug|x64.Build.0 = Debug|Any CPU
		{F1B8148A-2F9B-4F6A-A026-1E0AE995477B}.Debug|x86.ActiveCfg = Debug|Any CPU
		{F1B8148A-2F9B-4F6A-A026-1E0AE995477B}.Debug|x86.Build.0 = Debug|Any CPU
		{F1B8148A-2F9B-4F6A-A026-1E0AE995477B}.Release|Any CPU.ActiveCfg = Release|Any CPU
		{F1B8148A-2F9B-4F6A-A026-1E0AE995477B}.Release|Any CPU.Build.0 = Release|Any CPU
		{F1B8148A-2F9B-4F6A-A026-1E0AE995477B}.Release|x64.ActiveCfg = Release|Any CPU
		{F1B8148A-2F9B-4F6A-A026-1E0AE995477B}.Release|x64.Build.0 = Release|Any CPU
		{F1B8148A-2F9B-4F6A-A026-1E0AE995477B}.Release|x86.ActiveCfg = Release|Any CPU
		{F1B8148A-2F9B-4F6A-A026-1E0AE995477B}.Release|x86.Build.0 = Release|Any CPU
	EndGlobalSection
	GlobalSection(NestedProjects) = preSolution
		{F1B8148A-2F9B-4F6A-A026-1E0AE995477B} = {D2E0D8D2-C2EA-4BB8-9A5B-63FECDB5E700}
	EndGlobalSection
EndGlobal
