
Microsoft Visual Studio Solution File, Format Version 12.00
# Visual Studio Version 17
VisualStudioVersion = 17.2.32630.192
MinimumVisualStudioVersion = 10.0.40219.1
Project("{FAE04EC0-301F-11D3-BF4B-00C04F79EFBC}") = "R5T.I0091-1001.Construction", "R5T.I0091-1001.Construction\R5T.I0091-1001.Construction.csproj", "{EF4A60BA-652D-4E20-8B29-AD71CB0584EE}"
EndProject
Project("{FAE04EC0-301F-11D3-BF4B-00C04F79EFBC}") = "R5T.I0091-1001", "R5T.I0091-1001\R5T.I0091-1001.csproj", "{E944F5AF-19C4-4293-8F4B-09EDF109613D}"
EndProject
Project("{2150E333-8FDC-42A3-9474-1A3956D46DE8}") = "_Dependencies", "_Dependencies", "{ED905D11-5E83-486C-8798-0414E449BC36}"
EndProject
Project("{FAE04EC0-301F-11D3-BF4B-00C04F79EFBC}") = "R5T.T0064", "..\..\R5T.T0064\source\R5T.T0064\R5T.T0064.csproj", "{994DA16F-2E29-4047-AF32-849126009E6D}"
EndProject
Project("{9A19103F-16F7-4668-BE54-9A1E7A4F7556}") = "R5T.D0091.Base", "..\..\R5T.D0091\source\R5T.D0091.Base\R5T.D0091.Base.csproj", "{35C99E2D-DEE9-48A3-BE04-4C89B347C25D}"
EndProject
Project("{9A19103F-16F7-4668-BE54-9A1E7A4F7556}") = "R5T.D1001.A001", "..\..\R5T.D1001\source\R5T.D1001.A001\R5T.D1001.A001.csproj", "{D98B17AC-0AE2-43F6-BE4F-626A9D3E1970}"
EndProject
Project("{9A19103F-16F7-4668-BE54-9A1E7A4F7556}") = "R5T.D1001.Base", "..\..\R5T.D1001\source\R5T.D1001.Base\R5T.D1001.Base.csproj", "{279F927A-865C-43B7-8AA8-18BF0BB09697}"
EndProject
Project("{9A19103F-16F7-4668-BE54-9A1E7A4F7556}") = "R5T.D1001.I001", "..\..\R5T.D1001\source\R5T.D1001.I001\R5T.D1001.I001.csproj", "{34C016F8-6806-42ED-A0AA-34FEA23E7A45}"
EndProject
Project("{9A19103F-16F7-4668-BE54-9A1E7A4F7556}") = "R5T.L0013", "..\..\R5T.L0013\source\R5T.L0013\R5T.L0013.csproj", "{3D9AAC76-588E-473F-B19E-56C016AD80D7}"
EndProject
Project("{9A19103F-16F7-4668-BE54-9A1E7A4F7556}") = "R5T.L0016", "..\..\R5T.L0016\source\R5T.L0016\R5T.L0016.csproj", "{33493DBA-5194-4A18-BB00-C47D46F61975}"
EndProject
Project("{9A19103F-16F7-4668-BE54-9A1E7A4F7556}") = "R5T.Magyar", "..\..\R5T.Magyar\source\R5T.Magyar\R5T.Magyar.csproj", "{E2D5D774-44DC-4057-AA84-7D74B788B3E4}"
EndProject
Project("{9A19103F-16F7-4668-BE54-9A1E7A4F7556}") = "R5T.T0039.T002", "..\..\R5T.T0039\source\R5T.T0039.T002\R5T.T0039.T002.csproj", "{A38B4CEB-A4B5-4CD9-9F7D-AB305919E987}"
EndProject
Project("{9A19103F-16F7-4668-BE54-9A1E7A4F7556}") = "R5T.T0062.X001", "..\..\R5T.T0062\source\R5T.T0062.X001\R5T.T0062.X001.csproj", "{7F2A299D-677C-4016-8C89-361696419444}"
EndProject
Project("{9A19103F-16F7-4668-BE54-9A1E7A4F7556}") = "R5T.T0062", "..\..\R5T.T0062\source\R5T.T0062\R5T.T0062.csproj", "{4F9CA214-FB7F-47E5-9090-5F84B5321679}"
EndProject
Project("{9A19103F-16F7-4668-BE54-9A1E7A4F7556}") = "R5T.T0063", "..\..\R5T.T0063\source\R5T.T0063\R5T.T0063.csproj", "{A83F37BD-4587-416E-B104-DDFBE0B2DBD5}"
EndProject
Project("{9A19103F-16F7-4668-BE54-9A1E7A4F7556}") = "R5T.T0067.X001", "..\..\R5T.T0067\source\R5T.T0067.X001\R5T.T0067.X001.csproj", "{EE00AEC6-5A07-4FC9-8384-7D8781420555}"
EndProject
Project("{9A19103F-16F7-4668-BE54-9A1E7A4F7556}") = "R5T.T0067", "..\..\R5T.T0067\source\R5T.T0067\R5T.T0067.csproj", "{643418CD-B0F8-4224-9378-184EEA1DAAAC}"
EndProject
Project("{9A19103F-16F7-4668-BE54-9A1E7A4F7556}") = "R5T.T0074", "..\..\R5T.T0074\source\R5T.T0074\R5T.T0074.csproj", "{1D6B36E3-7DB9-49A5-BD24-F425593B3E8A}"
EndProject
Project("{9A19103F-16F7-4668-BE54-9A1E7A4F7556}") = "R5T.T0143", "..\..\R5T.T0143\source\R5T.T0143\R5T.T0143.csproj", "{E95254D7-5BA2-40EC-9AE8-3DE47A7FD60A}"
EndProject
Global
	GlobalSection(NestedProjects) = preSolution
		{994DA16F-2E29-4047-AF32-849126009E6D} = {ED905D11-5E83-486C-8798-0414E449BC36}
		{35C99E2D-DEE9-48A3-BE04-4C89B347C25D} = {ED905D11-5E83-486C-8798-0414E449BC36}
		{D98B17AC-0AE2-43F6-BE4F-626A9D3E1970} = {ED905D11-5E83-486C-8798-0414E449BC36}
		{279F927A-865C-43B7-8AA8-18BF0BB09697} = {ED905D11-5E83-486C-8798-0414E449BC36}
		{34C016F8-6806-42ED-A0AA-34FEA23E7A45} = {ED905D11-5E83-486C-8798-0414E449BC36}
		{3D9AAC76-588E-473F-B19E-56C016AD80D7} = {ED905D11-5E83-486C-8798-0414E449BC36}
		{33493DBA-5194-4A18-BB00-C47D46F61975} = {ED905D11-5E83-486C-8798-0414E449BC36}
		{E2D5D774-44DC-4057-AA84-7D74B788B3E4} = {ED905D11-5E83-486C-8798-0414E449BC36}
		{A38B4CEB-A4B5-4CD9-9F7D-AB305919E987} = {ED905D11-5E83-486C-8798-0414E449BC36}
		{7F2A299D-677C-4016-8C89-361696419444} = {ED905D11-5E83-486C-8798-0414E449BC36}
		{4F9CA214-FB7F-47E5-9090-5F84B5321679} = {ED905D11-5E83-486C-8798-0414E449BC36}
		{A83F37BD-4587-416E-B104-DDFBE0B2DBD5} = {ED905D11-5E83-486C-8798-0414E449BC36}
		{EE00AEC6-5A07-4FC9-8384-7D8781420555} = {ED905D11-5E83-486C-8798-0414E449BC36}
		{643418CD-B0F8-4224-9378-184EEA1DAAAC} = {ED905D11-5E83-486C-8798-0414E449BC36}
		{1D6B36E3-7DB9-49A5-BD24-F425593B3E8A} = {ED905D11-5E83-486C-8798-0414E449BC36}
		{E95254D7-5BA2-40EC-9AE8-3DE47A7FD60A} = {ED905D11-5E83-486C-8798-0414E449BC36}
	EndGlobalSection
	GlobalSection(SolutionConfigurationPlatforms) = preSolution
		Debug|Any CPU = Debug|Any CPU
		Debug|x64 = Debug|x64
		Debug|x86 = Debug|x86
		Release|Any CPU = Release|Any CPU
		Release|x64 = Release|x64
		Release|x86 = Release|x86
	EndGlobalSection
	GlobalSection(ProjectConfigurationPlatforms) = postSolution
		{EF4A60BA-652D-4E20-8B29-AD71CB0584EE}.Debug|Any CPU.ActiveCfg = Debug|Any CPU
		{EF4A60BA-652D-4E20-8B29-AD71CB0584EE}.Debug|Any CPU.Build.0 = Debug|Any CPU
		{EF4A60BA-652D-4E20-8B29-AD71CB0584EE}.Debug|x64.ActiveCfg = Debug|Any CPU
		{EF4A60BA-652D-4E20-8B29-AD71CB0584EE}.Debug|x64.Build.0 = Debug|Any CPU
		{EF4A60BA-652D-4E20-8B29-AD71CB0584EE}.Debug|x86.ActiveCfg = Debug|Any CPU
		{EF4A60BA-652D-4E20-8B29-AD71CB0584EE}.Debug|x86.Build.0 = Debug|Any CPU
		{EF4A60BA-652D-4E20-8B29-AD71CB0584EE}.Release|Any CPU.ActiveCfg = Release|Any CPU
		{EF4A60BA-652D-4E20-8B29-AD71CB0584EE}.Release|Any CPU.Build.0 = Release|Any CPU
		{EF4A60BA-652D-4E20-8B29-AD71CB0584EE}.Release|x64.ActiveCfg = Release|Any CPU
		{EF4A60BA-652D-4E20-8B29-AD71CB0584EE}.Release|x64.Build.0 = Release|Any CPU
		{EF4A60BA-652D-4E20-8B29-AD71CB0584EE}.Release|x86.ActiveCfg = Release|Any CPU
		{EF4A60BA-652D-4E20-8B29-AD71CB0584EE}.Release|x86.Build.0 = Release|Any CPU
		{E944F5AF-19C4-4293-8F4B-09EDF109613D}.Debug|Any CPU.ActiveCfg = Debug|Any CPU
		{E944F5AF-19C4-4293-8F4B-09EDF109613D}.Debug|Any CPU.Build.0 = Debug|Any CPU
		{E944F5AF-19C4-4293-8F4B-09EDF109613D}.Debug|x64.ActiveCfg = Debug|Any CPU
		{E944F5AF-19C4-4293-8F4B-09EDF109613D}.Debug|x64.Build.0 = Debug|Any CPU
		{E944F5AF-19C4-4293-8F4B-09EDF109613D}.Debug|x86.ActiveCfg = Debug|Any CPU
		{E944F5AF-19C4-4293-8F4B-09EDF109613D}.Debug|x86.Build.0 = Debug|Any CPU
		{E944F5AF-19C4-4293-8F4B-09EDF109613D}.Release|Any CPU.ActiveCfg = Release|Any CPU
		{E944F5AF-19C4-4293-8F4B-09EDF109613D}.Release|Any CPU.Build.0 = Release|Any CPU
		{E944F5AF-19C4-4293-8F4B-09EDF109613D}.Release|x64.ActiveCfg = Release|Any CPU
		{E944F5AF-19C4-4293-8F4B-09EDF109613D}.Release|x64.Build.0 = Release|Any CPU
		{E944F5AF-19C4-4293-8F4B-09EDF109613D}.Release|x86.ActiveCfg = Release|Any CPU
		{E944F5AF-19C4-4293-8F4B-09EDF109613D}.Release|x86.Build.0 = Release|Any CPU
		{994DA16F-2E29-4047-AF32-849126009E6D}.Debug|Any CPU.ActiveCfg = Debug|Any CPU
		{994DA16F-2E29-4047-AF32-849126009E6D}.Debug|Any CPU.Build.0 = Debug|Any CPU
		{994DA16F-2E29-4047-AF32-849126009E6D}.Debug|x64.ActiveCfg = Debug|Any CPU
		{994DA16F-2E29-4047-AF32-849126009E6D}.Debug|x64.Build.0 = Debug|Any CPU
		{994DA16F-2E29-4047-AF32-849126009E6D}.Debug|x86.ActiveCfg = Debug|Any CPU
		{994DA16F-2E29-4047-AF32-849126009E6D}.Debug|x86.Build.0 = Debug|Any CPU
		{994DA16F-2E29-4047-AF32-849126009E6D}.Release|Any CPU.ActiveCfg = Release|Any CPU
		{994DA16F-2E29-4047-AF32-849126009E6D}.Release|Any CPU.Build.0 = Release|Any CPU
		{994DA16F-2E29-4047-AF32-849126009E6D}.Release|x64.ActiveCfg = Release|Any CPU
		{994DA16F-2E29-4047-AF32-849126009E6D}.Release|x64.Build.0 = Release|Any CPU
		{994DA16F-2E29-4047-AF32-849126009E6D}.Release|x86.ActiveCfg = Release|Any CPU
		{994DA16F-2E29-4047-AF32-849126009E6D}.Release|x86.Build.0 = Release|Any CPU
		{35C99E2D-DEE9-48A3-BE04-4C89B347C25D}.Debug|Any CPU.ActiveCfg = Debug|Any CPU
		{35C99E2D-DEE9-48A3-BE04-4C89B347C25D}.Debug|Any CPU.Build.0 = Debug|Any CPU
		{35C99E2D-DEE9-48A3-BE04-4C89B347C25D}.Debug|x64.ActiveCfg = Debug|Any CPU
		{35C99E2D-DEE9-48A3-BE04-4C89B347C25D}.Debug|x64.Build.0 = Debug|Any CPU
		{35C99E2D-DEE9-48A3-BE04-4C89B347C25D}.Debug|x86.ActiveCfg = Debug|Any CPU
		{35C99E2D-DEE9-48A3-BE04-4C89B347C25D}.Debug|x86.Build.0 = Debug|Any CPU
		{35C99E2D-DEE9-48A3-BE04-4C89B347C25D}.Release|Any CPU.ActiveCfg = Release|Any CPU
		{35C99E2D-DEE9-48A3-BE04-4C89B347C25D}.Release|Any CPU.Build.0 = Release|Any CPU
		{35C99E2D-DEE9-48A3-BE04-4C89B347C25D}.Release|x64.ActiveCfg = Release|Any CPU
		{35C99E2D-DEE9-48A3-BE04-4C89B347C25D}.Release|x64.Build.0 = Release|Any CPU
		{35C99E2D-DEE9-48A3-BE04-4C89B347C25D}.Release|x86.ActiveCfg = Release|Any CPU
		{35C99E2D-DEE9-48A3-BE04-4C89B347C25D}.Release|x86.Build.0 = Release|Any CPU
		{D98B17AC-0AE2-43F6-BE4F-626A9D3E1970}.Debug|Any CPU.ActiveCfg = Debug|Any CPU
		{D98B17AC-0AE2-43F6-BE4F-626A9D3E1970}.Debug|Any CPU.Build.0 = Debug|Any CPU
		{D98B17AC-0AE2-43F6-BE4F-626A9D3E1970}.Debug|x64.ActiveCfg = Debug|Any CPU
		{D98B17AC-0AE2-43F6-BE4F-626A9D3E1970}.Debug|x64.Build.0 = Debug|Any CPU
		{D98B17AC-0AE2-43F6-BE4F-626A9D3E1970}.Debug|x86.ActiveCfg = Debug|Any CPU
		{D98B17AC-0AE2-43F6-BE4F-626A9D3E1970}.Debug|x86.Build.0 = Debug|Any CPU
		{D98B17AC-0AE2-43F6-BE4F-626A9D3E1970}.Release|Any CPU.ActiveCfg = Release|Any CPU
		{D98B17AC-0AE2-43F6-BE4F-626A9D3E1970}.Release|Any CPU.Build.0 = Release|Any CPU
		{D98B17AC-0AE2-43F6-BE4F-626A9D3E1970}.Release|x64.ActiveCfg = Release|Any CPU
		{D98B17AC-0AE2-43F6-BE4F-626A9D3E1970}.Release|x64.Build.0 = Release|Any CPU
		{D98B17AC-0AE2-43F6-BE4F-626A9D3E1970}.Release|x86.ActiveCfg = Release|Any CPU
		{D98B17AC-0AE2-43F6-BE4F-626A9D3E1970}.Release|x86.Build.0 = Release|Any CPU
		{279F927A-865C-43B7-8AA8-18BF0BB09697}.Debug|Any CPU.ActiveCfg = Debug|Any CPU
		{279F927A-865C-43B7-8AA8-18BF0BB09697}.Debug|Any CPU.Build.0 = Debug|Any CPU
		{279F927A-865C-43B7-8AA8-18BF0BB09697}.Debug|x64.ActiveCfg = Debug|Any CPU
		{279F927A-865C-43B7-8AA8-18BF0BB09697}.Debug|x64.Build.0 = Debug|Any CPU
		{279F927A-865C-43B7-8AA8-18BF0BB09697}.Debug|x86.ActiveCfg = Debug|Any CPU
		{279F927A-865C-43B7-8AA8-18BF0BB09697}.Debug|x86.Build.0 = Debug|Any CPU
		{279F927A-865C-43B7-8AA8-18BF0BB09697}.Release|Any CPU.ActiveCfg = Release|Any CPU
		{279F927A-865C-43B7-8AA8-18BF0BB09697}.Release|Any CPU.Build.0 = Release|Any CPU
		{279F927A-865C-43B7-8AA8-18BF0BB09697}.Release|x64.ActiveCfg = Release|Any CPU
		{279F927A-865C-43B7-8AA8-18BF0BB09697}.Release|x64.Build.0 = Release|Any CPU
		{279F927A-865C-43B7-8AA8-18BF0BB09697}.Release|x86.ActiveCfg = Release|Any CPU
		{279F927A-865C-43B7-8AA8-18BF0BB09697}.Release|x86.Build.0 = Release|Any CPU
		{34C016F8-6806-42ED-A0AA-34FEA23E7A45}.Debug|Any CPU.ActiveCfg = Debug|Any CPU
		{34C016F8-6806-42ED-A0AA-34FEA23E7A45}.Debug|Any CPU.Build.0 = Debug|Any CPU
		{34C016F8-6806-42ED-A0AA-34FEA23E7A45}.Debug|x64.ActiveCfg = Debug|Any CPU
		{34C016F8-6806-42ED-A0AA-34FEA23E7A45}.Debug|x64.Build.0 = Debug|Any CPU
		{34C016F8-6806-42ED-A0AA-34FEA23E7A45}.Debug|x86.ActiveCfg = Debug|Any CPU
		{34C016F8-6806-42ED-A0AA-34FEA23E7A45}.Debug|x86.Build.0 = Debug|Any CPU
		{34C016F8-6806-42ED-A0AA-34FEA23E7A45}.Release|Any CPU.ActiveCfg = Release|Any CPU
		{34C016F8-6806-42ED-A0AA-34FEA23E7A45}.Release|Any CPU.Build.0 = Release|Any CPU
		{34C016F8-6806-42ED-A0AA-34FEA23E7A45}.Release|x64.ActiveCfg = Release|Any CPU
		{34C016F8-6806-42ED-A0AA-34FEA23E7A45}.Release|x64.Build.0 = Release|Any CPU
		{34C016F8-6806-42ED-A0AA-34FEA23E7A45}.Release|x86.ActiveCfg = Release|Any CPU
		{34C016F8-6806-42ED-A0AA-34FEA23E7A45}.Release|x86.Build.0 = Release|Any CPU
		{3D9AAC76-588E-473F-B19E-56C016AD80D7}.Debug|Any CPU.ActiveCfg = Debug|Any CPU
		{3D9AAC76-588E-473F-B19E-56C016AD80D7}.Debug|Any CPU.Build.0 = Debug|Any CPU
		{3D9AAC76-588E-473F-B19E-56C016AD80D7}.Debug|x64.ActiveCfg = Debug|Any CPU
		{3D9AAC76-588E-473F-B19E-56C016AD80D7}.Debug|x64.Build.0 = Debug|Any CPU
		{3D9AAC76-588E-473F-B19E-56C016AD80D7}.Debug|x86.ActiveCfg = Debug|Any CPU
		{3D9AAC76-588E-473F-B19E-56C016AD80D7}.Debug|x86.Build.0 = Debug|Any CPU
		{3D9AAC76-588E-473F-B19E-56C016AD80D7}.Release|Any CPU.ActiveCfg = Release|Any CPU
		{3D9AAC76-588E-473F-B19E-56C016AD80D7}.Release|Any CPU.Build.0 = Release|Any CPU
		{3D9AAC76-588E-473F-B19E-56C016AD80D7}.Release|x64.ActiveCfg = Release|Any CPU
		{3D9AAC76-588E-473F-B19E-56C016AD80D7}.Release|x64.Build.0 = Release|Any CPU
		{3D9AAC76-588E-473F-B19E-56C016AD80D7}.Release|x86.ActiveCfg = Release|Any CPU
		{3D9AAC76-588E-473F-B19E-56C016AD80D7}.Release|x86.Build.0 = Release|Any CPU
		{33493DBA-5194-4A18-BB00-C47D46F61975}.Debug|Any CPU.ActiveCfg = Debug|Any CPU
		{33493DBA-5194-4A18-BB00-C47D46F61975}.Debug|Any CPU.Build.0 = Debug|Any CPU
		{33493DBA-5194-4A18-BB00-C47D46F61975}.Debug|x64.ActiveCfg = Debug|Any CPU
		{33493DBA-5194-4A18-BB00-C47D46F61975}.Debug|x64.Build.0 = Debug|Any CPU
		{33493DBA-5194-4A18-BB00-C47D46F61975}.Debug|x86.ActiveCfg = Debug|Any CPU
		{33493DBA-5194-4A18-BB00-C47D46F61975}.Debug|x86.Build.0 = Debug|Any CPU
		{33493DBA-5194-4A18-BB00-C47D46F61975}.Release|Any CPU.ActiveCfg = Release|Any CPU
		{33493DBA-5194-4A18-BB00-C47D46F61975}.Release|Any CPU.Build.0 = Release|Any CPU
		{33493DBA-5194-4A18-BB00-C47D46F61975}.Release|x64.ActiveCfg = Release|Any CPU
		{33493DBA-5194-4A18-BB00-C47D46F61975}.Release|x64.Build.0 = Release|Any CPU
		{33493DBA-5194-4A18-BB00-C47D46F61975}.Release|x86.ActiveCfg = Release|Any CPU
		{33493DBA-5194-4A18-BB00-C47D46F61975}.Release|x86.Build.0 = Release|Any CPU
		{E2D5D774-44DC-4057-AA84-7D74B788B3E4}.Debug|Any CPU.ActiveCfg = Debug|Any CPU
		{E2D5D774-44DC-4057-AA84-7D74B788B3E4}.Debug|Any CPU.Build.0 = Debug|Any CPU
		{E2D5D774-44DC-4057-AA84-7D74B788B3E4}.Debug|x64.ActiveCfg = Debug|Any CPU
		{E2D5D774-44DC-4057-AA84-7D74B788B3E4}.Debug|x64.Build.0 = Debug|Any CPU
		{E2D5D774-44DC-4057-AA84-7D74B788B3E4}.Debug|x86.ActiveCfg = Debug|Any CPU
		{E2D5D774-44DC-4057-AA84-7D74B788B3E4}.Debug|x86.Build.0 = Debug|Any CPU
		{E2D5D774-44DC-4057-AA84-7D74B788B3E4}.Release|Any CPU.ActiveCfg = Release|Any CPU
		{E2D5D774-44DC-4057-AA84-7D74B788B3E4}.Release|Any CPU.Build.0 = Release|Any CPU
		{E2D5D774-44DC-4057-AA84-7D74B788B3E4}.Release|x64.ActiveCfg = Release|Any CPU
		{E2D5D774-44DC-4057-AA84-7D74B788B3E4}.Release|x64.Build.0 = Release|Any CPU
		{E2D5D774-44DC-4057-AA84-7D74B788B3E4}.Release|x86.ActiveCfg = Release|Any CPU
		{E2D5D774-44DC-4057-AA84-7D74B788B3E4}.Release|x86.Build.0 = Release|Any CPU
		{A38B4CEB-A4B5-4CD9-9F7D-AB305919E987}.Debug|Any CPU.ActiveCfg = Debug|Any CPU
		{A38B4CEB-A4B5-4CD9-9F7D-AB305919E987}.Debug|Any CPU.Build.0 = Debug|Any CPU
		{A38B4CEB-A4B5-4CD9-9F7D-AB305919E987}.Debug|x64.ActiveCfg = Debug|Any CPU
		{A38B4CEB-A4B5-4CD9-9F7D-AB305919E987}.Debug|x64.Build.0 = Debug|Any CPU
		{A38B4CEB-A4B5-4CD9-9F7D-AB305919E987}.Debug|x86.ActiveCfg = Debug|Any CPU
		{A38B4CEB-A4B5-4CD9-9F7D-AB305919E987}.Debug|x86.Build.0 = Debug|Any CPU
		{A38B4CEB-A4B5-4CD9-9F7D-AB305919E987}.Release|Any CPU.ActiveCfg = Release|Any CPU
		{A38B4CEB-A4B5-4CD9-9F7D-AB305919E987}.Release|Any CPU.Build.0 = Release|Any CPU
		{A38B4CEB-A4B5-4CD9-9F7D-AB305919E987}.Release|x64.ActiveCfg = Release|Any CPU
		{A38B4CEB-A4B5-4CD9-9F7D-AB305919E987}.Release|x64.Build.0 = Release|Any CPU
		{A38B4CEB-A4B5-4CD9-9F7D-AB305919E987}.Release|x86.ActiveCfg = Release|Any CPU
		{A38B4CEB-A4B5-4CD9-9F7D-AB305919E987}.Release|x86.Build.0 = Release|Any CPU
		{7F2A299D-677C-4016-8C89-361696419444}.Debug|Any CPU.ActiveCfg = Debug|Any CPU
		{7F2A299D-677C-4016-8C89-361696419444}.Debug|Any CPU.Build.0 = Debug|Any CPU
		{7F2A299D-677C-4016-8C89-361696419444}.Debug|x64.ActiveCfg = Debug|Any CPU
		{7F2A299D-677C-4016-8C89-361696419444}.Debug|x64.Build.0 = Debug|Any CPU
		{7F2A299D-677C-4016-8C89-361696419444}.Debug|x86.ActiveCfg = Debug|Any CPU
		{7F2A299D-677C-4016-8C89-361696419444}.Debug|x86.Build.0 = Debug|Any CPU
		{7F2A299D-677C-4016-8C89-361696419444}.Release|Any CPU.ActiveCfg = Release|Any CPU
		{7F2A299D-677C-4016-8C89-361696419444}.Release|Any CPU.Build.0 = Release|Any CPU
		{7F2A299D-677C-4016-8C89-361696419444}.Release|x64.ActiveCfg = Release|Any CPU
		{7F2A299D-677C-4016-8C89-361696419444}.Release|x64.Build.0 = Release|Any CPU
		{7F2A299D-677C-4016-8C89-361696419444}.Release|x86.ActiveCfg = Release|Any CPU
		{7F2A299D-677C-4016-8C89-361696419444}.Release|x86.Build.0 = Release|Any CPU
		{4F9CA214-FB7F-47E5-9090-5F84B5321679}.Debug|Any CPU.ActiveCfg = Debug|Any CPU
		{4F9CA214-FB7F-47E5-9090-5F84B5321679}.Debug|Any CPU.Build.0 = Debug|Any CPU
		{4F9CA214-FB7F-47E5-9090-5F84B5321679}.Debug|x64.ActiveCfg = Debug|Any CPU
		{4F9CA214-FB7F-47E5-9090-5F84B5321679}.Debug|x64.Build.0 = Debug|Any CPU
		{4F9CA214-FB7F-47E5-9090-5F84B5321679}.Debug|x86.ActiveCfg = Debug|Any CPU
		{4F9CA214-FB7F-47E5-9090-5F84B5321679}.Debug|x86.Build.0 = Debug|Any CPU
		{4F9CA214-FB7F-47E5-9090-5F84B5321679}.Release|Any CPU.ActiveCfg = Release|Any CPU
		{4F9CA214-FB7F-47E5-9090-5F84B5321679}.Release|Any CPU.Build.0 = Release|Any CPU
		{4F9CA214-FB7F-47E5-9090-5F84B5321679}.Release|x64.ActiveCfg = Release|Any CPU
		{4F9CA214-FB7F-47E5-9090-5F84B5321679}.Release|x64.Build.0 = Release|Any CPU
		{4F9CA214-FB7F-47E5-9090-5F84B5321679}.Release|x86.ActiveCfg = Release|Any CPU
		{4F9CA214-FB7F-47E5-9090-5F84B5321679}.Release|x86.Build.0 = Release|Any CPU
		{A83F37BD-4587-416E-B104-DDFBE0B2DBD5}.Debug|Any CPU.ActiveCfg = Debug|Any CPU
		{A83F37BD-4587-416E-B104-DDFBE0B2DBD5}.Debug|Any CPU.Build.0 = Debug|Any CPU
		{A83F37BD-4587-416E-B104-DDFBE0B2DBD5}.Debug|x64.ActiveCfg = Debug|Any CPU
		{A83F37BD-4587-416E-B104-DDFBE0B2DBD5}.Debug|x64.Build.0 = Debug|Any CPU
		{A83F37BD-4587-416E-B104-DDFBE0B2DBD5}.Debug|x86.ActiveCfg = Debug|Any CPU
		{A83F37BD-4587-416E-B104-DDFBE0B2DBD5}.Debug|x86.Build.0 = Debug|Any CPU
		{A83F37BD-4587-416E-B104-DDFBE0B2DBD5}.Release|Any CPU.ActiveCfg = Release|Any CPU
		{A83F37BD-4587-416E-B104-DDFBE0B2DBD5}.Release|Any CPU.Build.0 = Release|Any CPU
		{A83F37BD-4587-416E-B104-DDFBE0B2DBD5}.Release|x64.ActiveCfg = Release|Any CPU
		{A83F37BD-4587-416E-B104-DDFBE0B2DBD5}.Release|x64.Build.0 = Release|Any CPU
		{A83F37BD-4587-416E-B104-DDFBE0B2DBD5}.Release|x86.ActiveCfg = Release|Any CPU
		{A83F37BD-4587-416E-B104-DDFBE0B2DBD5}.Release|x86.Build.0 = Release|Any CPU
		{EE00AEC6-5A07-4FC9-8384-7D8781420555}.Debug|Any CPU.ActiveCfg = Debug|Any CPU
		{EE00AEC6-5A07-4FC9-8384-7D8781420555}.Debug|Any CPU.Build.0 = Debug|Any CPU
		{EE00AEC6-5A07-4FC9-8384-7D8781420555}.Debug|x64.ActiveCfg = Debug|Any CPU
		{EE00AEC6-5A07-4FC9-8384-7D8781420555}.Debug|x64.Build.0 = Debug|Any CPU
		{EE00AEC6-5A07-4FC9-8384-7D8781420555}.Debug|x86.ActiveCfg = Debug|Any CPU
		{EE00AEC6-5A07-4FC9-8384-7D8781420555}.Debug|x86.Build.0 = Debug|Any CPU
		{EE00AEC6-5A07-4FC9-8384-7D8781420555}.Release|Any CPU.ActiveCfg = Release|Any CPU
		{EE00AEC6-5A07-4FC9-8384-7D8781420555}.Release|Any CPU.Build.0 = Release|Any CPU
		{EE00AEC6-5A07-4FC9-8384-7D8781420555}.Release|x64.ActiveCfg = Release|Any CPU
		{EE00AEC6-5A07-4FC9-8384-7D8781420555}.Release|x64.Build.0 = Release|Any CPU
		{EE00AEC6-5A07-4FC9-8384-7D8781420555}.Release|x86.ActiveCfg = Release|Any CPU
		{EE00AEC6-5A07-4FC9-8384-7D8781420555}.Release|x86.Build.0 = Release|Any CPU
		{643418CD-B0F8-4224-9378-184EEA1DAAAC}.Debug|Any CPU.ActiveCfg = Debug|Any CPU
		{643418CD-B0F8-4224-9378-184EEA1DAAAC}.Debug|Any CPU.Build.0 = Debug|Any CPU
		{643418CD-B0F8-4224-9378-184EEA1DAAAC}.Debug|x64.ActiveCfg = Debug|Any CPU
		{643418CD-B0F8-4224-9378-184EEA1DAAAC}.Debug|x64.Build.0 = Debug|Any CPU
		{643418CD-B0F8-4224-9378-184EEA1DAAAC}.Debug|x86.ActiveCfg = Debug|Any CPU
		{643418CD-B0F8-4224-9378-184EEA1DAAAC}.Debug|x86.Build.0 = Debug|Any CPU
		{643418CD-B0F8-4224-9378-184EEA1DAAAC}.Release|Any CPU.ActiveCfg = Release|Any CPU
		{643418CD-B0F8-4224-9378-184EEA1DAAAC}.Release|Any CPU.Build.0 = Release|Any CPU
		{643418CD-B0F8-4224-9378-184EEA1DAAAC}.Release|x64.ActiveCfg = Release|Any CPU
		{643418CD-B0F8-4224-9378-184EEA1DAAAC}.Release|x64.Build.0 = Release|Any CPU
		{643418CD-B0F8-4224-9378-184EEA1DAAAC}.Release|x86.ActiveCfg = Release|Any CPU
		{643418CD-B0F8-4224-9378-184EEA1DAAAC}.Release|x86.Build.0 = Release|Any CPU
		{1D6B36E3-7DB9-49A5-BD24-F425593B3E8A}.Debug|Any CPU.ActiveCfg = Debug|Any CPU
		{1D6B36E3-7DB9-49A5-BD24-F425593B3E8A}.Debug|Any CPU.Build.0 = Debug|Any CPU
		{1D6B36E3-7DB9-49A5-BD24-F425593B3E8A}.Debug|x64.ActiveCfg = Debug|Any CPU
		{1D6B36E3-7DB9-49A5-BD24-F425593B3E8A}.Debug|x64.Build.0 = Debug|Any CPU
		{1D6B36E3-7DB9-49A5-BD24-F425593B3E8A}.Debug|x86.ActiveCfg = Debug|Any CPU
		{1D6B36E3-7DB9-49A5-BD24-F425593B3E8A}.Debug|x86.Build.0 = Debug|Any CPU
		{1D6B36E3-7DB9-49A5-BD24-F425593B3E8A}.Release|Any CPU.ActiveCfg = Release|Any CPU
		{1D6B36E3-7DB9-49A5-BD24-F425593B3E8A}.Release|Any CPU.Build.0 = Release|Any CPU
		{1D6B36E3-7DB9-49A5-BD24-F425593B3E8A}.Release|x64.ActiveCfg = Release|Any CPU
		{1D6B36E3-7DB9-49A5-BD24-F425593B3E8A}.Release|x64.Build.0 = Release|Any CPU
		{1D6B36E3-7DB9-49A5-BD24-F425593B3E8A}.Release|x86.ActiveCfg = Release|Any CPU
		{1D6B36E3-7DB9-49A5-BD24-F425593B3E8A}.Release|x86.Build.0 = Release|Any CPU
		{E95254D7-5BA2-40EC-9AE8-3DE47A7FD60A}.Debug|Any CPU.ActiveCfg = Debug|Any CPU
		{E95254D7-5BA2-40EC-9AE8-3DE47A7FD60A}.Debug|Any CPU.Build.0 = Debug|Any CPU
		{E95254D7-5BA2-40EC-9AE8-3DE47A7FD60A}.Debug|x64.ActiveCfg = Debug|Any CPU
		{E95254D7-5BA2-40EC-9AE8-3DE47A7FD60A}.Debug|x64.Build.0 = Debug|Any CPU
		{E95254D7-5BA2-40EC-9AE8-3DE47A7FD60A}.Debug|x86.ActiveCfg = Debug|Any CPU
		{E95254D7-5BA2-40EC-9AE8-3DE47A7FD60A}.Debug|x86.Build.0 = Debug|Any CPU
		{E95254D7-5BA2-40EC-9AE8-3DE47A7FD60A}.Release|Any CPU.ActiveCfg = Release|Any CPU
		{E95254D7-5BA2-40EC-9AE8-3DE47A7FD60A}.Release|Any CPU.Build.0 = Release|Any CPU
		{E95254D7-5BA2-40EC-9AE8-3DE47A7FD60A}.Release|x64.ActiveCfg = Release|Any CPU
		{E95254D7-5BA2-40EC-9AE8-3DE47A7FD60A}.Release|x64.Build.0 = Release|Any CPU
		{E95254D7-5BA2-40EC-9AE8-3DE47A7FD60A}.Release|x86.ActiveCfg = Release|Any CPU
		{E95254D7-5BA2-40EC-9AE8-3DE47A7FD60A}.Release|x86.Build.0 = Release|Any CPU
	EndGlobalSection
	GlobalSection(SolutionProperties) = preSolution
		HideSolutionNode = FALSE
	EndGlobalSection
EndGlobal
