
Microsoft Visual Studio Solution File, Format Version 12.00
# Visual Studio Version 16
VisualStudioVersion = 16.6.30114.105
MinimumVisualStudioVersion = 10.0.40219.1
Project("{9A19103F-16F7-4668-BE54-9A1E7A4F7556}") = "R5T.I0091-1001", "R5T.I0091-1001\R5T.I0091-1001.csproj", "{1B45D9AF-D8E4-44BE-ADF2-C73AB70E0034}"
EndProject
Project("{2150E333-8FDC-42A3-9474-1A3956D46DE8}") = "_Dependencies", "_Dependencies", "{D2E0D8D2-C2EA-4BB8-9A5B-63FECDB5E700}"
EndProject
Project("{9A19103F-16F7-4668-BE54-9A1E7A4F7556}") = "R5T.D0091.Base", "..\..\R5T.D0091\source\R5T.D0091.Base\R5T.D0091.Base.csproj", "{82AB0CF3-4AE3-4EEE-BBAA-33D2F12552D5}"
EndProject
Project("{9A19103F-16F7-4668-BE54-9A1E7A4F7556}") = "R5T.D1001.Base", "..\..\R5T.D1001\source\R5T.D1001.Base\R5T.D1001.Base.csproj", "{4111540F-6C6F-4099-B231-3CAA8D7F41A8}"
EndProject
Project("{9A19103F-16F7-4668-BE54-9A1E7A4F7556}") = "R5T.D1001.A001", "..\..\R5T.D1001\source\R5T.D1001.A001\R5T.D1001.A001.csproj", "{F8B9CA7C-E192-4AD8-9782-484349B5B144}"
EndProject
Project("{9A19103F-16F7-4668-BE54-9A1E7A4F7556}") = "R5T.L0016", "..\..\R5T.L0016\source\R5T.L0016\R5T.L0016.csproj", "{A5B47EA0-5EEF-4598-9EB0-2FEE249CB762}"
EndProject
Project("{9A19103F-16F7-4668-BE54-9A1E7A4F7556}") = "R5T.T0064", "..\..\R5T.T0064\source\R5T.T0064\R5T.T0064.csproj", "{A369FFBF-3AD7-4315-A7EA-879A2D39211D}"
EndProject
Project("{9A19103F-16F7-4668-BE54-9A1E7A4F7556}") = "R5T.D1001.I001", "..\..\R5T.D1001\source\R5T.D1001.I001\R5T.D1001.I001.csproj", "{49D0DB37-42C6-4834-95B3-ACB1112C5F9D}"
EndProject
Project("{9A19103F-16F7-4668-BE54-9A1E7A4F7556}") = "R5T.T0062.X001", "..\..\R5T.T0062\source\R5T.T0062.X001\R5T.T0062.X001.csproj", "{84AA89E7-CD36-4D8E-AC8D-6114D6A1F82D}"
EndProject
Project("{9A19103F-16F7-4668-BE54-9A1E7A4F7556}") = "R5T.T0063", "..\..\R5T.T0063\source\R5T.T0063\R5T.T0063.csproj", "{154D94AE-CA25-4A64-9B84-69F15C6E5617}"
EndProject
Project("{9A19103F-16F7-4668-BE54-9A1E7A4F7556}") = "R5T.L0013", "..\..\R5T.L0013\source\R5T.L0013\R5T.L0013.csproj", "{18BB3957-C7DE-44BA-9C78-39292A2D9E20}"
EndProject
Project("{9A19103F-16F7-4668-BE54-9A1E7A4F7556}") = "R5T.T0062", "..\..\R5T.T0062\source\R5T.T0062\R5T.T0062.csproj", "{A9B39279-A252-4385-B7A9-BD3751DE0072}"
EndProject
Project("{9A19103F-16F7-4668-BE54-9A1E7A4F7556}") = "R5T.T0039.T002", "..\..\R5T.T0039\source\R5T.T0039.T002\R5T.T0039.T002.csproj", "{9EC68AD5-83AC-4E79-A8C4-564F6824DFCE}"
EndProject
Project("{9A19103F-16F7-4668-BE54-9A1E7A4F7556}") = "R5T.T0074", "..\..\R5T.T0074\source\R5T.T0074\R5T.T0074.csproj", "{5ACBC2BD-3102-442D-9869-7FD738BD54FD}"
EndProject
Project("{9A19103F-16F7-4668-BE54-9A1E7A4F7556}") = "R5T.Magyar", "..\..\R5T.Magyar\source\R5T.Magyar\R5T.Magyar.csproj", "{8B2CE6D6-2B2C-44D8-A5B3-1B44A6DE182C}"
EndProject
Project("{9A19103F-16F7-4668-BE54-9A1E7A4F7556}") = "R5T.T0067.X001", "..\..\R5T.T0067\source\R5T.T0067.X001\R5T.T0067.X001.csproj", "{3AC428CC-C719-4611-B4E8-865EAB0F390B}"
EndProject
Global
	GlobalSection(SolutionConfigurationPlatforms) = preSolution
		Debug|Any CPU = Debug|Any CPU
		Debug|x64 = Debug|x64
		Debug|x86 = Debug|x86
		Release|Any CPU = Release|Any CPU
		Release|x64 = Release|x64
		Release|x86 = Release|x86
	EndGlobalSection
	GlobalSection(ProjectConfigurationPlatforms) = postSolution
		{1B45D9AF-D8E4-44BE-ADF2-C73AB70E0034}.Debug|Any CPU.ActiveCfg = Debug|Any CPU
		{1B45D9AF-D8E4-44BE-ADF2-C73AB70E0034}.Debug|Any CPU.Build.0 = Debug|Any CPU
		{1B45D9AF-D8E4-44BE-ADF2-C73AB70E0034}.Debug|x64.ActiveCfg = Debug|Any CPU
		{1B45D9AF-D8E4-44BE-ADF2-C73AB70E0034}.Debug|x64.Build.0 = Debug|Any CPU
		{1B45D9AF-D8E4-44BE-ADF2-C73AB70E0034}.Debug|x86.ActiveCfg = Debug|Any CPU
		{1B45D9AF-D8E4-44BE-ADF2-C73AB70E0034}.Debug|x86.Build.0 = Debug|Any CPU
		{1B45D9AF-D8E4-44BE-ADF2-C73AB70E0034}.Release|Any CPU.ActiveCfg = Release|Any CPU
		{1B45D9AF-D8E4-44BE-ADF2-C73AB70E0034}.Release|Any CPU.Build.0 = Release|Any CPU
		{1B45D9AF-D8E4-44BE-ADF2-C73AB70E0034}.Release|x64.ActiveCfg = Release|Any CPU
		{1B45D9AF-D8E4-44BE-ADF2-C73AB70E0034}.Release|x64.Build.0 = Release|Any CPU
		{1B45D9AF-D8E4-44BE-ADF2-C73AB70E0034}.Release|x86.ActiveCfg = Release|Any CPU
		{1B45D9AF-D8E4-44BE-ADF2-C73AB70E0034}.Release|x86.Build.0 = Release|Any CPU
		{82AB0CF3-4AE3-4EEE-BBAA-33D2F12552D5}.Debug|Any CPU.ActiveCfg = Debug|Any CPU
		{82AB0CF3-4AE3-4EEE-BBAA-33D2F12552D5}.Debug|Any CPU.Build.0 = Debug|Any CPU
		{82AB0CF3-4AE3-4EEE-BBAA-33D2F12552D5}.Debug|x64.ActiveCfg = Debug|Any CPU
		{82AB0CF3-4AE3-4EEE-BBAA-33D2F12552D5}.Debug|x64.Build.0 = Debug|Any CPU
		{82AB0CF3-4AE3-4EEE-BBAA-33D2F12552D5}.Debug|x86.ActiveCfg = Debug|Any CPU
		{82AB0CF3-4AE3-4EEE-BBAA-33D2F12552D5}.Debug|x86.Build.0 = Debug|Any CPU
		{82AB0CF3-4AE3-4EEE-BBAA-33D2F12552D5}.Release|Any CPU.ActiveCfg = Release|Any CPU
		{82AB0CF3-4AE3-4EEE-BBAA-33D2F12552D5}.Release|Any CPU.Build.0 = Release|Any CPU
		{82AB0CF3-4AE3-4EEE-BBAA-33D2F12552D5}.Release|x64.ActiveCfg = Release|Any CPU
		{82AB0CF3-4AE3-4EEE-BBAA-33D2F12552D5}.Release|x64.Build.0 = Release|Any CPU
		{82AB0CF3-4AE3-4EEE-BBAA-33D2F12552D5}.Release|x86.ActiveCfg = Release|Any CPU
		{82AB0CF3-4AE3-4EEE-BBAA-33D2F12552D5}.Release|x86.Build.0 = Release|Any CPU
		{4111540F-6C6F-4099-B231-3CAA8D7F41A8}.Debug|Any CPU.ActiveCfg = Debug|Any CPU
		{4111540F-6C6F-4099-B231-3CAA8D7F41A8}.Debug|Any CPU.Build.0 = Debug|Any CPU
		{4111540F-6C6F-4099-B231-3CAA8D7F41A8}.Debug|x64.ActiveCfg = Debug|Any CPU
		{4111540F-6C6F-4099-B231-3CAA8D7F41A8}.Debug|x64.Build.0 = Debug|Any CPU
		{4111540F-6C6F-4099-B231-3CAA8D7F41A8}.Debug|x86.ActiveCfg = Debug|Any CPU
		{4111540F-6C6F-4099-B231-3CAA8D7F41A8}.Debug|x86.Build.0 = Debug|Any CPU
		{4111540F-6C6F-4099-B231-3CAA8D7F41A8}.Release|Any CPU.ActiveCfg = Release|Any CPU
		{4111540F-6C6F-4099-B231-3CAA8D7F41A8}.Release|Any CPU.Build.0 = Release|Any CPU
		{4111540F-6C6F-4099-B231-3CAA8D7F41A8}.Release|x64.ActiveCfg = Release|Any CPU
		{4111540F-6C6F-4099-B231-3CAA8D7F41A8}.Release|x64.Build.0 = Release|Any CPU
		{4111540F-6C6F-4099-B231-3CAA8D7F41A8}.Release|x86.ActiveCfg = Release|Any CPU
		{4111540F-6C6F-4099-B231-3CAA8D7F41A8}.Release|x86.Build.0 = Release|Any CPU
		{F8B9CA7C-E192-4AD8-9782-484349B5B144}.Debug|Any CPU.ActiveCfg = Debug|Any CPU
		{F8B9CA7C-E192-4AD8-9782-484349B5B144}.Debug|Any CPU.Build.0 = Debug|Any CPU
		{F8B9CA7C-E192-4AD8-9782-484349B5B144}.Debug|x64.ActiveCfg = Debug|Any CPU
		{F8B9CA7C-E192-4AD8-9782-484349B5B144}.Debug|x64.Build.0 = Debug|Any CPU
		{F8B9CA7C-E192-4AD8-9782-484349B5B144}.Debug|x86.ActiveCfg = Debug|Any CPU
		{F8B9CA7C-E192-4AD8-9782-484349B5B144}.Debug|x86.Build.0 = Debug|Any CPU
		{F8B9CA7C-E192-4AD8-9782-484349B5B144}.Release|Any CPU.ActiveCfg = Release|Any CPU
		{F8B9CA7C-E192-4AD8-9782-484349B5B144}.Release|Any CPU.Build.0 = Release|Any CPU
		{F8B9CA7C-E192-4AD8-9782-484349B5B144}.Release|x64.ActiveCfg = Release|Any CPU
		{F8B9CA7C-E192-4AD8-9782-484349B5B144}.Release|x64.Build.0 = Release|Any CPU
		{F8B9CA7C-E192-4AD8-9782-484349B5B144}.Release|x86.ActiveCfg = Release|Any CPU
		{F8B9CA7C-E192-4AD8-9782-484349B5B144}.Release|x86.Build.0 = Release|Any CPU
		{A5B47EA0-5EEF-4598-9EB0-2FEE249CB762}.Debug|Any CPU.ActiveCfg = Debug|Any CPU
		{A5B47EA0-5EEF-4598-9EB0-2FEE249CB762}.Debug|Any CPU.Build.0 = Debug|Any CPU
		{A5B47EA0-5EEF-4598-9EB0-2FEE249CB762}.Debug|x64.ActiveCfg = Debug|Any CPU
		{A5B47EA0-5EEF-4598-9EB0-2FEE249CB762}.Debug|x64.Build.0 = Debug|Any CPU
		{A5B47EA0-5EEF-4598-9EB0-2FEE249CB762}.Debug|x86.ActiveCfg = Debug|Any CPU
		{A5B47EA0-5EEF-4598-9EB0-2FEE249CB762}.Debug|x86.Build.0 = Debug|Any CPU
		{A5B47EA0-5EEF-4598-9EB0-2FEE249CB762}.Release|Any CPU.ActiveCfg = Release|Any CPU
		{A5B47EA0-5EEF-4598-9EB0-2FEE249CB762}.Release|Any CPU.Build.0 = Release|Any CPU
		{A5B47EA0-5EEF-4598-9EB0-2FEE249CB762}.Release|x64.ActiveCfg = Release|Any CPU
		{A5B47EA0-5EEF-4598-9EB0-2FEE249CB762}.Release|x64.Build.0 = Release|Any CPU
		{A5B47EA0-5EEF-4598-9EB0-2FEE249CB762}.Release|x86.ActiveCfg = Release|Any CPU
		{A5B47EA0-5EEF-4598-9EB0-2FEE249CB762}.Release|x86.Build.0 = Release|Any CPU
		{A369FFBF-3AD7-4315-A7EA-879A2D39211D}.Debug|Any CPU.ActiveCfg = Debug|Any CPU
		{A369FFBF-3AD7-4315-A7EA-879A2D39211D}.Debug|Any CPU.Build.0 = Debug|Any CPU
		{A369FFBF-3AD7-4315-A7EA-879A2D39211D}.Debug|x64.ActiveCfg = Debug|Any CPU
		{A369FFBF-3AD7-4315-A7EA-879A2D39211D}.Debug|x64.Build.0 = Debug|Any CPU
		{A369FFBF-3AD7-4315-A7EA-879A2D39211D}.Debug|x86.ActiveCfg = Debug|Any CPU
		{A369FFBF-3AD7-4315-A7EA-879A2D39211D}.Debug|x86.Build.0 = Debug|Any CPU
		{A369FFBF-3AD7-4315-A7EA-879A2D39211D}.Release|Any CPU.ActiveCfg = Release|Any CPU
		{A369FFBF-3AD7-4315-A7EA-879A2D39211D}.Release|Any CPU.Build.0 = Release|Any CPU
		{A369FFBF-3AD7-4315-A7EA-879A2D39211D}.Release|x64.ActiveCfg = Release|Any CPU
		{A369FFBF-3AD7-4315-A7EA-879A2D39211D}.Release|x64.Build.0 = Release|Any CPU
		{A369FFBF-3AD7-4315-A7EA-879A2D39211D}.Release|x86.ActiveCfg = Release|Any CPU
		{A369FFBF-3AD7-4315-A7EA-879A2D39211D}.Release|x86.Build.0 = Release|Any CPU
		{49D0DB37-42C6-4834-95B3-ACB1112C5F9D}.Debug|Any CPU.ActiveCfg = Debug|Any CPU
		{49D0DB37-42C6-4834-95B3-ACB1112C5F9D}.Debug|Any CPU.Build.0 = Debug|Any CPU
		{49D0DB37-42C6-4834-95B3-ACB1112C5F9D}.Debug|x64.ActiveCfg = Debug|Any CPU
		{49D0DB37-42C6-4834-95B3-ACB1112C5F9D}.Debug|x64.Build.0 = Debug|Any CPU
		{49D0DB37-42C6-4834-95B3-ACB1112C5F9D}.Debug|x86.ActiveCfg = Debug|Any CPU
		{49D0DB37-42C6-4834-95B3-ACB1112C5F9D}.Debug|x86.Build.0 = Debug|Any CPU
		{49D0DB37-42C6-4834-95B3-ACB1112C5F9D}.Release|Any CPU.ActiveCfg = Release|Any CPU
		{49D0DB37-42C6-4834-95B3-ACB1112C5F9D}.Release|Any CPU.Build.0 = Release|Any CPU
		{49D0DB37-42C6-4834-95B3-ACB1112C5F9D}.Release|x64.ActiveCfg = Release|Any CPU
		{49D0DB37-42C6-4834-95B3-ACB1112C5F9D}.Release|x64.Build.0 = Release|Any CPU
		{49D0DB37-42C6-4834-95B3-ACB1112C5F9D}.Release|x86.ActiveCfg = Release|Any CPU
		{49D0DB37-42C6-4834-95B3-ACB1112C5F9D}.Release|x86.Build.0 = Release|Any CPU
		{84AA89E7-CD36-4D8E-AC8D-6114D6A1F82D}.Debug|Any CPU.ActiveCfg = Debug|Any CPU
		{84AA89E7-CD36-4D8E-AC8D-6114D6A1F82D}.Debug|Any CPU.Build.0 = Debug|Any CPU
		{84AA89E7-CD36-4D8E-AC8D-6114D6A1F82D}.Debug|x64.ActiveCfg = Debug|Any CPU
		{84AA89E7-CD36-4D8E-AC8D-6114D6A1F82D}.Debug|x64.Build.0 = Debug|Any CPU
		{84AA89E7-CD36-4D8E-AC8D-6114D6A1F82D}.Debug|x86.ActiveCfg = Debug|Any CPU
		{84AA89E7-CD36-4D8E-AC8D-6114D6A1F82D}.Debug|x86.Build.0 = Debug|Any CPU
		{84AA89E7-CD36-4D8E-AC8D-6114D6A1F82D}.Release|Any CPU.ActiveCfg = Release|Any CPU
		{84AA89E7-CD36-4D8E-AC8D-6114D6A1F82D}.Release|Any CPU.Build.0 = Release|Any CPU
		{84AA89E7-CD36-4D8E-AC8D-6114D6A1F82D}.Release|x64.ActiveCfg = Release|Any CPU
		{84AA89E7-CD36-4D8E-AC8D-6114D6A1F82D}.Release|x64.Build.0 = Release|Any CPU
		{84AA89E7-CD36-4D8E-AC8D-6114D6A1F82D}.Release|x86.ActiveCfg = Release|Any CPU
		{84AA89E7-CD36-4D8E-AC8D-6114D6A1F82D}.Release|x86.Build.0 = Release|Any CPU
		{154D94AE-CA25-4A64-9B84-69F15C6E5617}.Debug|Any CPU.ActiveCfg = Debug|Any CPU
		{154D94AE-CA25-4A64-9B84-69F15C6E5617}.Debug|Any CPU.Build.0 = Debug|Any CPU
		{154D94AE-CA25-4A64-9B84-69F15C6E5617}.Debug|x64.ActiveCfg = Debug|Any CPU
		{154D94AE-CA25-4A64-9B84-69F15C6E5617}.Debug|x64.Build.0 = Debug|Any CPU
		{154D94AE-CA25-4A64-9B84-69F15C6E5617}.Debug|x86.ActiveCfg = Debug|Any CPU
		{154D94AE-CA25-4A64-9B84-69F15C6E5617}.Debug|x86.Build.0 = Debug|Any CPU
		{154D94AE-CA25-4A64-9B84-69F15C6E5617}.Release|Any CPU.ActiveCfg = Release|Any CPU
		{154D94AE-CA25-4A64-9B84-69F15C6E5617}.Release|Any CPU.Build.0 = Release|Any CPU
		{154D94AE-CA25-4A64-9B84-69F15C6E5617}.Release|x64.ActiveCfg = Release|Any CPU
		{154D94AE-CA25-4A64-9B84-69F15C6E5617}.Release|x64.Build.0 = Release|Any CPU
		{154D94AE-CA25-4A64-9B84-69F15C6E5617}.Release|x86.ActiveCfg = Release|Any CPU
		{154D94AE-CA25-4A64-9B84-69F15C6E5617}.Release|x86.Build.0 = Release|Any CPU
		{18BB3957-C7DE-44BA-9C78-39292A2D9E20}.Debug|Any CPU.ActiveCfg = Debug|Any CPU
		{18BB3957-C7DE-44BA-9C78-39292A2D9E20}.Debug|Any CPU.Build.0 = Debug|Any CPU
		{18BB3957-C7DE-44BA-9C78-39292A2D9E20}.Debug|x64.ActiveCfg = Debug|Any CPU
		{18BB3957-C7DE-44BA-9C78-39292A2D9E20}.Debug|x64.Build.0 = Debug|Any CPU
		{18BB3957-C7DE-44BA-9C78-39292A2D9E20}.Debug|x86.ActiveCfg = Debug|Any CPU
		{18BB3957-C7DE-44BA-9C78-39292A2D9E20}.Debug|x86.Build.0 = Debug|Any CPU
		{18BB3957-C7DE-44BA-9C78-39292A2D9E20}.Release|Any CPU.ActiveCfg = Release|Any CPU
		{18BB3957-C7DE-44BA-9C78-39292A2D9E20}.Release|Any CPU.Build.0 = Release|Any CPU
		{18BB3957-C7DE-44BA-9C78-39292A2D9E20}.Release|x64.ActiveCfg = Release|Any CPU
		{18BB3957-C7DE-44BA-9C78-39292A2D9E20}.Release|x64.Build.0 = Release|Any CPU
		{18BB3957-C7DE-44BA-9C78-39292A2D9E20}.Release|x86.ActiveCfg = Release|Any CPU
		{18BB3957-C7DE-44BA-9C78-39292A2D9E20}.Release|x86.Build.0 = Release|Any CPU
		{A9B39279-A252-4385-B7A9-BD3751DE0072}.Debug|Any CPU.ActiveCfg = Debug|Any CPU
		{A9B39279-A252-4385-B7A9-BD3751DE0072}.Debug|Any CPU.Build.0 = Debug|Any CPU
		{A9B39279-A252-4385-B7A9-BD3751DE0072}.Debug|x64.ActiveCfg = Debug|Any CPU
		{A9B39279-A252-4385-B7A9-BD3751DE0072}.Debug|x64.Build.0 = Debug|Any CPU
		{A9B39279-A252-4385-B7A9-BD3751DE0072}.Debug|x86.ActiveCfg = Debug|Any CPU
		{A9B39279-A252-4385-B7A9-BD3751DE0072}.Debug|x86.Build.0 = Debug|Any CPU
		{A9B39279-A252-4385-B7A9-BD3751DE0072}.Release|Any CPU.ActiveCfg = Release|Any CPU
		{A9B39279-A252-4385-B7A9-BD3751DE0072}.Release|Any CPU.Build.0 = Release|Any CPU
		{A9B39279-A252-4385-B7A9-BD3751DE0072}.Release|x64.ActiveCfg = Release|Any CPU
		{A9B39279-A252-4385-B7A9-BD3751DE0072}.Release|x64.Build.0 = Release|Any CPU
		{A9B39279-A252-4385-B7A9-BD3751DE0072}.Release|x86.ActiveCfg = Release|Any CPU
		{A9B39279-A252-4385-B7A9-BD3751DE0072}.Release|x86.Build.0 = Release|Any CPU
		{9EC68AD5-83AC-4E79-A8C4-564F6824DFCE}.Debug|Any CPU.ActiveCfg = Debug|Any CPU
		{9EC68AD5-83AC-4E79-A8C4-564F6824DFCE}.Debug|Any CPU.Build.0 = Debug|Any CPU
		{9EC68AD5-83AC-4E79-A8C4-564F6824DFCE}.Debug|x64.ActiveCfg = Debug|Any CPU
		{9EC68AD5-83AC-4E79-A8C4-564F6824DFCE}.Debug|x64.Build.0 = Debug|Any CPU
		{9EC68AD5-83AC-4E79-A8C4-564F6824DFCE}.Debug|x86.ActiveCfg = Debug|Any CPU
		{9EC68AD5-83AC-4E79-A8C4-564F6824DFCE}.Debug|x86.Build.0 = Debug|Any CPU
		{9EC68AD5-83AC-4E79-A8C4-564F6824DFCE}.Release|Any CPU.ActiveCfg = Release|Any CPU
		{9EC68AD5-83AC-4E79-A8C4-564F6824DFCE}.Release|Any CPU.Build.0 = Release|Any CPU
		{9EC68AD5-83AC-4E79-A8C4-564F6824DFCE}.Release|x64.ActiveCfg = Release|Any CPU
		{9EC68AD5-83AC-4E79-A8C4-564F6824DFCE}.Release|x64.Build.0 = Release|Any CPU
		{9EC68AD5-83AC-4E79-A8C4-564F6824DFCE}.Release|x86.ActiveCfg = Release|Any CPU
		{9EC68AD5-83AC-4E79-A8C4-564F6824DFCE}.Release|x86.Build.0 = Release|Any CPU
		{5ACBC2BD-3102-442D-9869-7FD738BD54FD}.Debug|Any CPU.ActiveCfg = Debug|Any CPU
		{5ACBC2BD-3102-442D-9869-7FD738BD54FD}.Debug|Any CPU.Build.0 = Debug|Any CPU
		{5ACBC2BD-3102-442D-9869-7FD738BD54FD}.Debug|x64.ActiveCfg = Debug|Any CPU
		{5ACBC2BD-3102-442D-9869-7FD738BD54FD}.Debug|x64.Build.0 = Debug|Any CPU
		{5ACBC2BD-3102-442D-9869-7FD738BD54FD}.Debug|x86.ActiveCfg = Debug|Any CPU
		{5ACBC2BD-3102-442D-9869-7FD738BD54FD}.Debug|x86.Build.0 = Debug|Any CPU
		{5ACBC2BD-3102-442D-9869-7FD738BD54FD}.Release|Any CPU.ActiveCfg = Release|Any CPU
		{5ACBC2BD-3102-442D-9869-7FD738BD54FD}.Release|Any CPU.Build.0 = Release|Any CPU
		{5ACBC2BD-3102-442D-9869-7FD738BD54FD}.Release|x64.ActiveCfg = Release|Any CPU
		{5ACBC2BD-3102-442D-9869-7FD738BD54FD}.Release|x64.Build.0 = Release|Any CPU
		{5ACBC2BD-3102-442D-9869-7FD738BD54FD}.Release|x86.ActiveCfg = Release|Any CPU
		{5ACBC2BD-3102-442D-9869-7FD738BD54FD}.Release|x86.Build.0 = Release|Any CPU
		{8B2CE6D6-2B2C-44D8-A5B3-1B44A6DE182C}.Debug|Any CPU.ActiveCfg = Debug|Any CPU
		{8B2CE6D6-2B2C-44D8-A5B3-1B44A6DE182C}.Debug|Any CPU.Build.0 = Debug|Any CPU
		{8B2CE6D6-2B2C-44D8-A5B3-1B44A6DE182C}.Debug|x64.ActiveCfg = Debug|Any CPU
		{8B2CE6D6-2B2C-44D8-A5B3-1B44A6DE182C}.Debug|x64.Build.0 = Debug|Any CPU
		{8B2CE6D6-2B2C-44D8-A5B3-1B44A6DE182C}.Debug|x86.ActiveCfg = Debug|Any CPU
		{8B2CE6D6-2B2C-44D8-A5B3-1B44A6DE182C}.Debug|x86.Build.0 = Debug|Any CPU
		{8B2CE6D6-2B2C-44D8-A5B3-1B44A6DE182C}.Release|Any CPU.ActiveCfg = Release|Any CPU
		{8B2CE6D6-2B2C-44D8-A5B3-1B44A6DE182C}.Release|Any CPU.Build.0 = Release|Any CPU
		{8B2CE6D6-2B2C-44D8-A5B3-1B44A6DE182C}.Release|x64.ActiveCfg = Release|Any CPU
		{8B2CE6D6-2B2C-44D8-A5B3-1B44A6DE182C}.Release|x64.Build.0 = Release|Any CPU
		{8B2CE6D6-2B2C-44D8-A5B3-1B44A6DE182C}.Release|x86.ActiveCfg = Release|Any CPU
		{8B2CE6D6-2B2C-44D8-A5B3-1B44A6DE182C}.Release|x86.Build.0 = Release|Any CPU
		{3AC428CC-C719-4611-B4E8-865EAB0F390B}.Debug|Any CPU.ActiveCfg = Debug|Any CPU
		{3AC428CC-C719-4611-B4E8-865EAB0F390B}.Debug|Any CPU.Build.0 = Debug|Any CPU
		{3AC428CC-C719-4611-B4E8-865EAB0F390B}.Debug|x64.ActiveCfg = Debug|Any CPU
		{3AC428CC-C719-4611-B4E8-865EAB0F390B}.Debug|x64.Build.0 = Debug|Any CPU
		{3AC428CC-C719-4611-B4E8-865EAB0F390B}.Debug|x86.ActiveCfg = Debug|Any CPU
		{3AC428CC-C719-4611-B4E8-865EAB0F390B}.Debug|x86.Build.0 = Debug|Any CPU
		{3AC428CC-C719-4611-B4E8-865EAB0F390B}.Release|Any CPU.ActiveCfg = Release|Any CPU
		{3AC428CC-C719-4611-B4E8-865EAB0F390B}.Release|Any CPU.Build.0 = Release|Any CPU
		{3AC428CC-C719-4611-B4E8-865EAB0F390B}.Release|x64.ActiveCfg = Release|Any CPU
		{3AC428CC-C719-4611-B4E8-865EAB0F390B}.Release|x64.Build.0 = Release|Any CPU
		{3AC428CC-C719-4611-B4E8-865EAB0F390B}.Release|x86.ActiveCfg = Release|Any CPU
		{3AC428CC-C719-4611-B4E8-865EAB0F390B}.Release|x86.Build.0 = Release|Any CPU
	EndGlobalSection
	GlobalSection(SolutionProperties) = preSolution
		HideSolutionNode = FALSE
	EndGlobalSection
	GlobalSection(NestedProjects) = preSolution
		{82AB0CF3-4AE3-4EEE-BBAA-33D2F12552D5} = {D2E0D8D2-C2EA-4BB8-9A5B-63FECDB5E700}
		{4111540F-6C6F-4099-B231-3CAA8D7F41A8} = {D2E0D8D2-C2EA-4BB8-9A5B-63FECDB5E700}
		{F8B9CA7C-E192-4AD8-9782-484349B5B144} = {D2E0D8D2-C2EA-4BB8-9A5B-63FECDB5E700}
		{A5B47EA0-5EEF-4598-9EB0-2FEE249CB762} = {D2E0D8D2-C2EA-4BB8-9A5B-63FECDB5E700}
		{A369FFBF-3AD7-4315-A7EA-879A2D39211D} = {D2E0D8D2-C2EA-4BB8-9A5B-63FECDB5E700}
		{49D0DB37-42C6-4834-95B3-ACB1112C5F9D} = {D2E0D8D2-C2EA-4BB8-9A5B-63FECDB5E700}
		{84AA89E7-CD36-4D8E-AC8D-6114D6A1F82D} = {D2E0D8D2-C2EA-4BB8-9A5B-63FECDB5E700}
		{154D94AE-CA25-4A64-9B84-69F15C6E5617} = {D2E0D8D2-C2EA-4BB8-9A5B-63FECDB5E700}
		{18BB3957-C7DE-44BA-9C78-39292A2D9E20} = {D2E0D8D2-C2EA-4BB8-9A5B-63FECDB5E700}
		{A9B39279-A252-4385-B7A9-BD3751DE0072} = {D2E0D8D2-C2EA-4BB8-9A5B-63FECDB5E700}
		{9EC68AD5-83AC-4E79-A8C4-564F6824DFCE} = {D2E0D8D2-C2EA-4BB8-9A5B-63FECDB5E700}
		{5ACBC2BD-3102-442D-9869-7FD738BD54FD} = {D2E0D8D2-C2EA-4BB8-9A5B-63FECDB5E700}
		{8B2CE6D6-2B2C-44D8-A5B3-1B44A6DE182C} = {D2E0D8D2-C2EA-4BB8-9A5B-63FECDB5E700}
		{3AC428CC-C719-4611-B4E8-865EAB0F390B} = {D2E0D8D2-C2EA-4BB8-9A5B-63FECDB5E700}
	EndGlobalSection
	GlobalSection(ExtensibilityGlobals) = postSolution
		SolutionGuid = {DCEBDD56-668D-4979-8C83-536FBB3F5092}
	EndGlobalSection
EndGlobal
